
Microsoft Visual Studio Solution File, Format Version 12.00
# Visual Studio Version 17
VisualStudioVersion = 17.7.34003.232
MinimumVisualStudioVersion = 10.0.40219.1
Project("{FAE04EC0-301F-11D3-BF4B-00C04F79EFBC}") = "Ejercicio1", "Ejercicio1\Ejercicio1.csproj", "{7DF20124-6F6C-4D69-B8EF-B11D13CE939A}"
EndProject
Global
	GlobalSection(SolutionConfigurationPlatforms) = preSolution
		Debug|Any CPU = Debug|Any CPU
		Release|Any CPU = Release|Any CPU
	EndGlobalSection
	GlobalSection(ProjectConfigurationPlatforms) = postSolution
		{7DF20124-6F6C-4D69-B8EF-B11D13CE939A}.Debug|Any CPU.ActiveCfg = Debug|Any CPU
		{7DF20124-6F6C-4D69-B8EF-B11D13CE939A}.Debug|Any CPU.Build.0 = Debug|Any CPU
		{7DF20124-6F6C-4D69-B8EF-B11D13CE939A}.Release|Any CPU.ActiveCfg = Release|Any CPU
		{7DF20124-6F6C-4D69-B8EF-B11D13CE939A}.Release|Any CPU.Build.0 = Release|Any CPU
	EndGlobalSection
	GlobalSection(SolutionProperties) = preSolution
		HideSolutionNode = FALSE
	EndGlobalSection
	GlobalSection(ExtensibilityGlobals) = postSolution
		SolutionGuid = {AA43543E-F940-4CAA-931C-F0955C6DF51F}
	EndGlobalSection
EndGlobal
